
Microsoft Visual Studio Solution File, Format Version 12.00
# Visual Studio Version 17
VisualStudioVersion = 17.0.32014.148
MinimumVisualStudioVersion = 10.0.40219.1
Project("{9A19103F-16F7-4668-BE54-9A1E7A4F7556}") = "HCM", "HCM\HCM.csproj", "{DF13957F-FB97-4954-B365-F40C7773FCE0}"
	ProjectSection(ProjectDependencies) = postProject
		{F4577E33-9E79-4133-910D-A42C8EA14812} = {F4577E33-9E79-4133-910D-A42C8EA14812}
	EndProjectSection
EndProject
Project("{9A19103F-16F7-4668-BE54-9A1E7A4F7556}") = "HCMDataAccess", "HCMDataAccess\HCMDataAccess.csproj", "{E88DBCE1-8A16-49CC-81D3-B40E6D9C350F}"
EndProject
Project("{9A19103F-16F7-4668-BE54-9A1E7A4F7556}") = "HCMApi", "HCMApi\HCMApi.csproj", "{5F074F3A-4272-48FB-82B7-ACE566B1799F}"
EndProject
Project("{9A19103F-16F7-4668-BE54-9A1E7A4F7556}") = "HCMModels", "HCMModels\HCMModels.csproj", "{F4577E33-9E79-4133-910D-A42C8EA14812}"
EndProject
Project("{2150E333-8FDC-42A3-9474-1A3956D46DE8}") = "Infra", "Infra", "{059350DF-0C3A-4B76-8F41-6BD6D7F583E6}"
EndProject
Project("{FAE04EC0-301F-11D3-BF4B-00C04F79EFBC}") = "DbRepo", "DbRepo\DbRepo.csproj", "{10609E58-ACF3-4976-AC0B-5562ACA3BDDA}"
EndProject
Project("{2150E333-8FDC-42A3-9474-1A3956D46DE8}") = "Core", "Core", "{80CF4C83-89B3-4615-AD66-0DAEA8D79ABF}"
EndProject
Project("{FAE04EC0-301F-11D3-BF4B-00C04F79EFBC}") = "Application", "Application\Application.csproj", "{9707B718-93B4-48AE-9EA3-D10B0F4FE24D}"
EndProject
Project("{FAE04EC0-301F-11D3-BF4B-00C04F79EFBC}") = "Domain", "Domain\Domain.csproj", "{F914F6CF-39FA-4BF0-AEF2-EA3357EDFA6C}"
EndProject
Global
	GlobalSection(SolutionConfigurationPlatforms) = preSolution
		Debug|Any CPU = Debug|Any CPU
		Release|Any CPU = Release|Any CPU
	EndGlobalSection
	GlobalSection(ProjectConfigurationPlatforms) = postSolution
		{DF13957F-FB97-4954-B365-F40C7773FCE0}.Debug|Any CPU.ActiveCfg = Debug|Any CPU
		{DF13957F-FB97-4954-B365-F40C7773FCE0}.Debug|Any CPU.Build.0 = Debug|Any CPU
		{DF13957F-FB97-4954-B365-F40C7773FCE0}.Release|Any CPU.ActiveCfg = Release|Any CPU
		{DF13957F-FB97-4954-B365-F40C7773FCE0}.Release|Any CPU.Build.0 = Release|Any CPU
		{E88DBCE1-8A16-49CC-81D3-B40E6D9C350F}.Debug|Any CPU.ActiveCfg = Debug|Any CPU
		{E88DBCE1-8A16-49CC-81D3-B40E6D9C350F}.Debug|Any CPU.Build.0 = Debug|Any CPU
		{E88DBCE1-8A16-49CC-81D3-B40E6D9C350F}.Release|Any CPU.ActiveCfg = Release|Any CPU
		{E88DBCE1-8A16-49CC-81D3-B40E6D9C350F}.Release|Any CPU.Build.0 = Release|Any CPU
		{5F074F3A-4272-48FB-82B7-ACE566B1799F}.Debug|Any CPU.ActiveCfg = Debug|Any CPU
		{5F074F3A-4272-48FB-82B7-ACE566B1799F}.Debug|Any CPU.Build.0 = Debug|Any CPU
		{5F074F3A-4272-48FB-82B7-ACE566B1799F}.Release|Any CPU.ActiveCfg = Release|Any CPU
		{5F074F3A-4272-48FB-82B7-ACE566B1799F}.Release|Any CPU.Build.0 = Release|Any CPU
		{F4577E33-9E79-4133-910D-A42C8EA14812}.Debug|Any CPU.ActiveCfg = Debug|Any CPU
		{F4577E33-9E79-4133-910D-A42C8EA14812}.Debug|Any CPU.Build.0 = Debug|Any CPU
		{F4577E33-9E79-4133-910D-A42C8EA14812}.Release|Any CPU.ActiveCfg = Release|Any CPU
		{F4577E33-9E79-4133-910D-A42C8EA14812}.Release|Any CPU.Build.0 = Release|Any CPU
		{10609E58-ACF3-4976-AC0B-5562ACA3BDDA}.Debug|Any CPU.ActiveCfg = Debug|Any CPU
		{10609E58-ACF3-4976-AC0B-5562ACA3BDDA}.Debug|Any CPU.Build.0 = Debug|Any CPU
		{10609E58-ACF3-4976-AC0B-5562ACA3BDDA}.Release|Any CPU.ActiveCfg = Release|Any CPU
		{10609E58-ACF3-4976-AC0B-5562ACA3BDDA}.Release|Any CPU.Build.0 = Release|Any CPU
		{9707B718-93B4-48AE-9EA3-D10B0F4FE24D}.Debug|Any CPU.ActiveCfg = Debug|Any CPU
		{9707B718-93B4-48AE-9EA3-D10B0F4FE24D}.Debug|Any CPU.Build.0 = Debug|Any CPU
		{9707B718-93B4-48AE-9EA3-D10B0F4FE24D}.Release|Any CPU.ActiveCfg = Release|Any CPU
		{9707B718-93B4-48AE-9EA3-D10B0F4FE24D}.Release|Any CPU.Build.0 = Release|Any CPU
		{F914F6CF-39FA-4BF0-AEF2-EA3357EDFA6C}.Debug|Any CPU.ActiveCfg = Debug|Any CPU
		{F914F6CF-39FA-4BF0-AEF2-EA3357EDFA6C}.Debug|Any CPU.Build.0 = Debug|Any CPU
		{F914F6CF-39FA-4BF0-AEF2-EA3357EDFA6C}.Release|Any CPU.ActiveCfg = Release|Any CPU
		{F914F6CF-39FA-4BF0-AEF2-EA3357EDFA6C}.Release|Any CPU.Build.0 = Release|Any CPU
	EndGlobalSection
	GlobalSection(SolutionProperties) = preSolution
		HideSolutionNode = FALSE
	EndGlobalSection
	GlobalSection(NestedProjects) = preSolution
		{10609E58-ACF3-4976-AC0B-5562ACA3BDDA} = {059350DF-0C3A-4B76-8F41-6BD6D7F583E6}
		{9707B718-93B4-48AE-9EA3-D10B0F4FE24D} = {80CF4C83-89B3-4615-AD66-0DAEA8D79ABF}
		{F914F6CF-39FA-4BF0-AEF2-EA3357EDFA6C} = {80CF4C83-89B3-4615-AD66-0DAEA8D79ABF}
	EndGlobalSection
	GlobalSection(ExtensibilityGlobals) = postSolution
		SolutionGuid = {8948A1D2-D4F4-419A-A677-4852A8CC5D00}
	EndGlobalSection
EndGlobal
